
Microsoft Visual Studio Solution File, Format Version 12.00
# Visual Studio Version 16
VisualStudioVersion = 16.0.33801.447
MinimumVisualStudioVersion = 10.0.40219.1
Project("{FAE04EC0-301F-11D3-BF4B-00C04F79EFBC}") = "MyStore", "WebApplication8\MyStore.csproj", "{11E3199B-6F19-4669-A496-2257C7767AA5}"
EndProject
Global
	GlobalSection(SolutionConfigurationPlatforms) = preSolution
		Debug|Any CPU = Debug|Any CPU
		Release|Any CPU = Release|Any CPU
	EndGlobalSection
	GlobalSection(ProjectConfigurationPlatforms) = postSolution
		{11E3199B-6F19-4669-A496-2257C7767AA5}.Debug|Any CPU.ActiveCfg = Debug|Any CPU
		{11E3199B-6F19-4669-A496-2257C7767AA5}.Debug|Any CPU.Build.0 = Debug|Any CPU
		{11E3199B-6F19-4669-A496-2257C7767AA5}.Release|Any CPU.ActiveCfg = Release|Any CPU
		{11E3199B-6F19-4669-A496-2257C7767AA5}.Release|Any CPU.Build.0 = Release|Any CPU
	EndGlobalSection
	GlobalSection(SolutionProperties) = preSolution
		HideSolutionNode = FALSE
	EndGlobalSection
	GlobalSection(ExtensibilityGlobals) = postSolution
		SolutionGuid = {F7C62DFE-EE1E-4A97-9A8A-6DCE3F57E011}
	EndGlobalSection
EndGlobal
